
Microsoft Visual Studio Solution File, Format Version 12.00
# Visual Studio Version 17
VisualStudioVersion = 17.13.35919.96 d17.13
MinimumVisualStudioVersion = 10.0.40219.1
Project("{FAE04EC0-301F-11D3-BF4B-00C04F79EFBC}") = "GumpFinancaAPI", "GumpFinancaAPI\GumpFinancaAPI.csproj", "{1D9FE47E-B133-4E95-8C91-77946A64BEF6}"
EndProject
Project("{FAE04EC0-301F-11D3-BF4B-00C04F79EFBC}") = "GumpFinanca.Domain", "GumpFinanca.Domain\GumpFinanca.Domain.csproj", "{C0E54223-D944-4513-89B7-2B3FE2547302}"
EndProject
Project("{FAE04EC0-301F-11D3-BF4B-00C04F79EFBC}") = "GumpFinanca.Application", "GumpFinanca.Application\GumpFinanca.Application.csproj", "{55482147-A900-4357-ADD5-1140D0662400}"
EndProject
Project("{FAE04EC0-301F-11D3-BF4B-00C04F79EFBC}") = "GumpFinanca.MySql", "GumpFinanca.MySql\GumpFinanca.MySql.csproj", "{0F6FB288-8386-45CD-84CE-EEB766ABD88A}"
EndProject
Global
	GlobalSection(SolutionConfigurationPlatforms) = preSolution
		Debug|Any CPU = Debug|Any CPU
		Release|Any CPU = Release|Any CPU
	EndGlobalSection
	GlobalSection(ProjectConfigurationPlatforms) = postSolution
		{1D9FE47E-B133-4E95-8C91-77946A64BEF6}.Debug|Any CPU.ActiveCfg = Debug|Any CPU
		{1D9FE47E-B133-4E95-8C91-77946A64BEF6}.Debug|Any CPU.Build.0 = Debug|Any CPU
		{1D9FE47E-B133-4E95-8C91-77946A64BEF6}.Release|Any CPU.ActiveCfg = Release|Any CPU
		{1D9FE47E-B133-4E95-8C91-77946A64BEF6}.Release|Any CPU.Build.0 = Release|Any CPU
		{C0E54223-D944-4513-89B7-2B3FE2547302}.Debug|Any CPU.ActiveCfg = Debug|Any CPU
		{C0E54223-D944-4513-89B7-2B3FE2547302}.Debug|Any CPU.Build.0 = Debug|Any CPU
		{C0E54223-D944-4513-89B7-2B3FE2547302}.Release|Any CPU.ActiveCfg = Release|Any CPU
		{C0E54223-D944-4513-89B7-2B3FE2547302}.Release|Any CPU.Build.0 = Release|Any CPU
		{55482147-A900-4357-ADD5-1140D0662400}.Debug|Any CPU.ActiveCfg = Debug|Any CPU
		{55482147-A900-4357-ADD5-1140D0662400}.Debug|Any CPU.Build.0 = Debug|Any CPU
		{55482147-A900-4357-ADD5-1140D0662400}.Release|Any CPU.ActiveCfg = Release|Any CPU
		{55482147-A900-4357-ADD5-1140D0662400}.Release|Any CPU.Build.0 = Release|Any CPU
		{0F6FB288-8386-45CD-84CE-EEB766ABD88A}.Debug|Any CPU.ActiveCfg = Debug|Any CPU
		{0F6FB288-8386-45CD-84CE-EEB766ABD88A}.Debug|Any CPU.Build.0 = Debug|Any CPU
		{0F6FB288-8386-45CD-84CE-EEB766ABD88A}.Release|Any CPU.ActiveCfg = Release|Any CPU
		{0F6FB288-8386-45CD-84CE-EEB766ABD88A}.Release|Any CPU.Build.0 = Release|Any CPU
	EndGlobalSection
	GlobalSection(SolutionProperties) = preSolution
		HideSolutionNode = FALSE
	EndGlobalSection
	GlobalSection(ExtensibilityGlobals) = postSolution
		SolutionGuid = {439F4B4F-8C9D-453F-9A2E-B43BAD497CE9}
	EndGlobalSection
EndGlobal
